PODS:
  - braze_plugin (16.0.0):
    - BrazeKit (~> 13.3.0)
    - BrazeLocation (~> 13.3.0)
    - BrazeUI (~> 13.3.0)
    - Flutter
  - BrazeKit (13.3.0)
  - BrazeLocation (13.3.0):
    - BrazeKit (= 13.3.0)
  - BrazeUI (13.3.0):
    - BrazeKit (= 13.3.0)
  - Flutter (1.0.0)
  - Singular-SDK (12.8.1):
    - Singular-SDK/Main (= 12.8.1)
  - Singular-SDK/Main (12.8.1)
  - singular_flutter_sdk (1.8.0):
    - Flutter
    - Singular-SDK (= 12.8.1)

DEPENDENCIES:
  - braze_plugin (from `.symlinks/plugins/braze_plugin/ios`)
  - Flutter (from `Flutter`)
  - singular_flutter_sdk (from `.symlinks/plugins/singular_flutter_sdk/ios`)

SPEC REPOS:
  trunk:
    - BrazeKit
    - BrazeLocation
    - BrazeUI
    - Singular-SDK

EXTERNAL SOURCES:
  braze_plugin:
    :path: ".symlinks/plugins/braze_plugin/ios"
  Flutter:
    :path: Flutter
  singular_flutter_sdk:
    :path: ".symlinks/plugins/singular_flutter_sdk/ios"

SPEC CHECKSUMS:
  braze_plugin: cdc1a6aa9835920d289c58cff48ec372f0d68dac
  BrazeKit: 53ac2d77c7d5ab54ab73df75c9058ae89236fc54
  BrazeLocation: 47cde4ac51568718b76d4677475c926ea840633b
  BrazeUI: 4de47810a95f225e0199cf6ddc9756f9dab662eb
  Flutter: cabc95a1d2626b1b06e7179b784ebcf0c0cde467
  Singular-SDK: b270f0151037279a4e65054eb67cb74be6c5892f
  singular_flutter_sdk: 778cde9231d1245fe730b2f3a1cdf094fe0bd394

PODFILE CHECKSUM: 3c63482e143d1b91d2d2560aee9fb04ecc74ac7e

COCOAPODS: 1.16.2
